// !$*UTF8*$!
{
	archiveVersion = 1;
	classes = {
	};
	objectVersion = 56;
	objects = {

/* Begin PBXBuildFile section */
		11467C8629997EBF00995426 /* AppDelegate.swift in Sources */ = {isa = PBXBuildFile; fileRef = 11467C8529997EBF00995426 /* AppDelegate.swift */; };
		11467C8829997EBF00995426 /* SceneDelegate.swift in Sources */ = {isa = PBXBuildFile; fileRef = 11467C8729997EBF00995426 /* SceneDelegate.swift */; };
		11467C8A29997EBF00995426 /* ViewController.swift in Sources */ = {isa = PBXBuildFile; fileRef = 11467C8929997EBF00995426 /* ViewController.swift */; };
		11467C8D29997EBF00995426 /* Main.storyboard in Resources */ = {isa = PBXBuildFile; fileRef = 11467C8B29997EBF00995426 /* Main.storyboard */; };
		11467C8F29997EC200995426 /* Assets.xcassets in Resources */ = {isa = PBXBuildFile; fileRef = 11467C8E29997EC200995426 /* Assets.xcassets */; };
		11467C9229997EC200995426 /* LaunchScreen.storyboard in Resources */ = {isa = PBXBuildFile; fileRef = 11467C9029997EC200995426 /* LaunchScreen.storyboard */; };
		11581331299A6F5100AAE41C /* SheetViewController.swift in Sources */ = {isa = PBXBuildFile; fileRef = 11581330299A6F5100AAE41C /* SheetViewController.swift */; };
		11581333299A73EC00AAE41C /* TopCollectionView.swift in Sources */ = {isa = PBXBuildFile; fileRef = 11581332299A73EC00AAE41C /* TopCollectionView.swift */; };
		11581335299A743800AAE41C /* BottomCollectionView.swift in Sources */ = {isa = PBXBuildFile; fileRef = 11581334299A743800AAE41C /* BottomCollectionView.swift */; };
		11581337299A750F00AAE41C /* CollectionViewCell.swift in Sources */ = {isa = PBXBuildFile; fileRef = 11581336299A750F00AAE41C /* CollectionViewCell.swift */; };
/* End PBXBuildFile section */

/* Begin PBXFileReference section */
		11467C8229997EBF00995426 /* testTaskForSurf.app */ = {isa = PBXFileReference; explicitFileType = wrapper.application; includeInIndex = 0; path = testTaskForSurf.app; sourceTree = BUILT_PRODUCTS_DIR; };
		11467C8529997EBF00995426 /* AppDelegate.swift */ = {isa = PBXFileReference; lastKnownFileType = sourcecode.swift; path = AppDelegate.swift; sourceTree = "<group>"; };
		11467C8729997EBF00995426 /* SceneDelegate.swift */ = {isa = PBXFileReference; lastKnownFileType = sourcecode.swift; path = SceneDelegate.swift; sourceTree = "<group>"; };
		11467C8929997EBF00995426 /* ViewController.swift */ = {isa = PBXFileReference; lastKnownFileType = sourcecode.swift; path = ViewController.swift; sourceTree = "<group>"; };
		11467C8C29997EBF00995426 /* Base */ = {isa = PBXFileReference; lastKnownFileType = file.storyboard; name = Base; path = Base.lproj/Main.storyboard; sourceTree = "<group>"; };
		11467C8E29997EC200995426 /* Assets.xcassets */ = {isa = PBXFileReference; lastKnownFileType = folder.assetcatalog; path = Assets.xcassets; sourceTree = "<group>"; };
		11467C9129997EC200995426 /* Base */ = {isa = PBXFileReference; lastKnownFileType = file.storyboard; name = Base; path = Base.lproj/LaunchScreen.storyboard; sourceTree = "<group>"; };
		11467C9329997EC200995426 /* Info.plist */ = {isa = PBXFileReference; lastKnownFileType = text.plist.xml; path = Info.plist; sourceTree = "<group>"; };
		11581330299A6F5100AAE41C /* SheetViewController.swift */ = {isa = PBXFileReference; lastKnownFileType = sourcecode.swift; path = SheetViewController.swift; sourceTree = "<group>"; };
		11581332299A73EC00AAE41C /* TopCollectionView.swift */ = {isa = PBXFileReference; lastKnownFileType = sourcecode.swift; path = TopCollectionView.swift; sourceTree = "<group>"; };
		11581334299A743800AAE41C /* BottomCollectionView.swift */ = {isa = PBXFileReference; lastKnownFileType = sourcecode.swift; path = BottomCollectionView.swift; sourceTree = "<group>"; };
		11581336299A750F00AAE41C /* CollectionViewCell.swift */ = {isa = PBXFileReference; lastKnownFileType = sourcecode.swift; path = CollectionViewCell.swift; sourceTree = "<group>"; };
/* End PBXFileReference section */

/* Begin PBXFrameworksBuildPhase section */
		11467C7F29997EBF00995426 /* Frameworks */ = {
			isa = PBXFrameworksBuildPhase;
			buildActionMask = 2147483647;
			files = (
			);
			runOnlyForDeploymentPostprocessing = 0;
		};
/* End PBXFrameworksBuildPhase section */

/* Begin PBXGroup section */
		11467C7929997EBF00995426 = {
			isa = PBXGroup;
			children = (
				11467C8429997EBF00995426 /* testTaskForSurf */,
				11467C8329997EBF00995426 /* Products */,
			);
			sourceTree = "<group>";
		};
		11467C8329997EBF00995426 /* Products */ = {
			isa = PBXGroup;
			children = (
				11467C8229997EBF00995426 /* testTaskForSurf.app */,
			);
			name = Products;
			sourceTree = "<group>";
		};
		11467C8429997EBF00995426 /* testTaskForSurf */ = {
			isa = PBXGroup;
			children = (
				11467C8529997EBF00995426 /* AppDelegate.swift */,
				11467C8729997EBF00995426 /* SceneDelegate.swift */,
				11467C8929997EBF00995426 /* ViewController.swift */,
				11581330299A6F5100AAE41C /* SheetViewController.swift */,
				11581332299A73EC00AAE41C /* TopCollectionView.swift */,
				11581334299A743800AAE41C /* BottomCollectionView.swift */,
				11581336299A750F00AAE41C /* CollectionViewCell.swift */,
				11467C8B29997EBF00995426 /* Main.storyboard */,
				11467C8E29997EC200995426 /* Assets.xcassets */,
				11467C9029997EC200995426 /* LaunchScreen.storyboard */,
				11467C9329997EC200995426 /* Info.plist */,
			);
			path = testTaskForSurf;
			sourceTree = "<group>";
		};
/* End PBXGroup section */

/* Begin PBXNativeTarget section */
		11467C8129997EBF00995426 /* testTaskForSurf */ = {
			isa = PBXNativeTarget;
			buildConfigurationList = 11467C9629997EC200995426 /* Build configuration list for PBXNativeTarget "testTaskForSurf" */;
			buildPhases = (
				11467C7E29997EBF00995426 /* Sources */,
				11467C7F29997EBF00995426 /* Frameworks */,
				11467C8029997EBF00995426 /* Resources */,
			);
			buildRules = (
			);
			dependencies = (
			);
			name = testTaskForSurf;
			productName = testTaskForSurf;
			productReference = 11467C8229997EBF00995426 /* testTaskForSurf.app */;
			productType = "com.apple.product-type.application";
		};
/* End PBXNativeTarget section */

/* Begin PBXProject section */
		11467C7A29997EBF00995426 /* Project object */ = {
			isa = PBXProject;
			attributes = {
				BuildIndependentTargetsInParallel = 1;
				LastSwiftUpdateCheck = 1410;
				LastUpgradeCheck = 1410;
				TargetAttributes = {
					11467C8129997EBF00995426 = {
						CreatedOnToolsVersion = 14.1;
					};
				};
			};
			buildConfigurationList = 11467C7D29997EBF00995426 /* Build configuration list for PBXProject "testTaskForSurf" */;
			compatibilityVersion = "Xcode 14.0";
			developmentRegion = en;
			hasScannedForEncodings = 0;
			knownRegions = (
				en,
				Base,
			);
			mainGroup = 11467C7929997EBF00995426;
			productRefGroup = 11467C8329997EBF00995426 /* Products */;
			projectDirPath = "";
			projectRoot = "";
			targets = (
				11467C8129997EBF00995426 /* testTaskForSurf */,
			);
		};
/* End PBXProject section */

/* Begin PBXResourcesBuildPhase section */
		11467C8029997EBF00995426 /* Resources */ = {
			isa = PBXResourcesBuildPhase;
			buildActionMask = 2147483647;
			files = (
				11467C9229997EC200995426 /* LaunchScreen.storyboard in Resources */,
				11467C8F29997EC200995426 /* Assets.xcassets in Resources */,
				11467C8D29997EBF00995426 /* Main.storyboard in Resources */,
			);
			runOnlyForDeploymentPostprocessing = 0;
		};
/* End PBXResourcesBuildPhase section */

/* Begin PBXSourcesBuildPhase section */
		11467C7E29997EBF00995426 /* Sources */ = {
			isa = PBXSourcesBuildPhase;
			buildActionMask = 2147483647;
			files = (
				11581331299A6F5100AAE41C /* SheetViewController.swift in Sources */,
				11581335299A743800AAE41C /* BottomCollectionView.swift in Sources */,
				11467C8A29997EBF00995426 /* ViewController.swift in Sources */,
				11581337299A750F00AAE41C /* CollectionViewCell.swift in Sources */,
				11467C8629997EBF00995426 /* AppDelegate.swift in Sources */,
				11467C8829997EBF00995426 /* SceneDelegate.swift in Sources */,
				11581333299A73EC00AAE41C /* TopCollectionView.swift in Sources */,
			);
			runOnlyForDeploymentPostprocessing = 0;
		};
/* End PBXSourcesBuildPhase section */

/* Begin PBXVariantGroup section */
		11467C8B29997EBF00995426 /* Main.storyboard */ = {
			isa = PBXVariantGroup;
			children = (
				11467C8C29997EBF00995426 /* Base */,
			);
			name = Main.storyboard;
			sourceTree = "<group>";
		};
		11467C9029997EC200995426 /* LaunchScreen.storyboard */ = {
			isa = PBXVariantGroup;
			children = (
				11467C9129997EC200995426 /* Base */,
			);
			name = LaunchScreen.storyboard;
			sourceTree = "<group>";
		};
/* End PBXVariantGroup section */

/* Begin XCBuildConfiguration section */
		11467C9429997EC200995426 /* Debug */ = {
			isa = XCBuildConfiguration;
			buildSettings = {
				ALWAYS_SEARCH_USER_PATHS = NO;
				CLANG_ANALYZER_NONNULL = YES;
				CLANG_ANALYZER_NUMBER_OBJECT_CONVERSION = YES_AGGRESSIVE;
				CLANG_CXX_LANGUAGE_STANDARD = "gnu++20";
				CLANG_ENABLE_MODULES = YES;
				CLANG_ENABLE_OBJC_ARC = YES;
				CLANG_ENABLE_OBJC_WEAK = YES;
				CLANG_WARN_BLOCK_CAPTURE_AUTORELEASING = YES;
				CLANG_WARN_BOOL_CONVERSION = YES;
				CLANG_WARN_COMMA = YES;
				CLANG_WARN_CONSTANT_CONVERSION = YES;
				CLANG_WARN_DEPRECATED_OBJC_IMPLEMENTATIONS = YES;
				CLANG_WARN_DIRECT_OBJC_ISA_USAGE = YES_ERROR;
				CLANG_WARN_DOCUMENTATION_COMMENTS = YES;
				CLANG_WARN_EMPTY_BODY = YES;
				CLANG_WARN_ENUM_CONVERSION = YES;
				CLANG_WARN_INFINITE_RECURSION = YES;
				CLANG_WARN_INT_CONVERSION = YES;
				CLANG_WARN_NON_LITERAL_NULL_CONVERSION = YES;
				CLANG_WARN_OBJC_IMPLICIT_RETAIN_SELF = YES;
				CLANG_WARN_OBJC_LITERAL_CONVERSION = YES;
				CLANG_WARN_OBJC_ROOT_CLASS = YES_ERROR;
				CLANG_WARN_QUOTED_INCLUDE_IN_FRAMEWORK_HEADER = YES;
				CLANG_WARN_RANGE_LOOP_ANALYSIS = YES;
				CLANG_WARN_STRICT_PROTOTYPES = YES;
				CLANG_WARN_SUSPICIOUS_MOVE = YES;
				CLANG_WARN_UNGUARDED_AVAILABILITY = YES_AGGRESSIVE;
				CLANG_WARN_UNREACHABLE_CODE = YES;
				CLANG_WARN__DUPLICATE_METHOD_MATCH = YES;
				COPY_PHASE_STRIP = NO;
				DEBUG_INFORMATION_FORMAT = dwarf;
				ENABLE_STRICT_OBJC_MSGSEND = YES;
				ENABLE_TESTABILITY = YES;
				GCC_C_LANGUAGE_STANDARD = gnu11;
				GCC_DYNAMIC_NO_PIC = NO;
				GCC_NO_COMMON_BLOCKS = YES;
				GCC_OPTIMIZATION_LEVEL = 0;
				GCC_PREPROCESSOR_DEFINITIONS = (
					"DEBUG=1",
					"$(inherited)",
				);
				GCC_WARN_64_TO_32_BIT_CONVERSION = YES;
				GCC_WARN_ABOUT_RETURN_TYPE = YES_ERROR;
				GCC_WARN_UNDECLARED_SELECTOR = YES;
				GCC_WARN_UNINITIALIZED_AUTOS = YES_AGGRESSIVE;
				GCC_WARN_UNUSED_FUNCTION = YES;
				GCC_WARN_UNUSED_VARIABLE = YES;
				IPHONEOS_DEPLOYMENT_TARGET = 16.1;
				MTL_ENABLE_DEBUG_INFO = INCLUDE_SOURCE;
				MTL_FAST_MATH = YES;
				ONLY_ACTIVE_ARCH = YES;
				SDKROOT = iphoneos;
				SWIFT_ACTIVE_COMPILATION_CONDITIONS = DEBUG;
				SWIFT_OPTIMIZATION_LEVEL = "-Onone";
			};
			name = Debug;
		};
		11467C9529997EC200995426 /* Release */ = {
			isa = XCBuildConfiguration;
			buildSettings = {
				ALWAYS_SEARCH_USER_PATHS = NO;
				CLANG_ANALYZER_NONNULL = YES;
				CLANG_ANALYZER_NUMBER_OBJECT_CONVERSION = YES_AGGRESSIVE;
				CLANG_CXX_LANGUAGE_STANDARD = "gnu++20";
				CLANG_ENABLE_MODULES = YES;
				CLANG_ENABLE_OBJC_ARC = YES;
				CLANG_ENABLE_OBJC_WEAK = YES;
				CLANG_WARN_BLOCK_CAPTURE_AUTORELEASING = YES;
				CLANG_WARN_BOOL_CONVERSION = YES;
				CLANG_WARN_COMMA = YES;
				CLANG_WARN_CONSTANT_CONVERSION = YES;
				CLANG_WARN_DEPRECATED_OBJC_IMPLEMENTATIONS = YES;
				CLANG_WARN_DIRECT_OBJC_ISA_USAGE = YES_ERROR;
				CLANG_WARN_DOCUMENTATION_COMMENTS = YES;
				CLANG_WARN_EMPTY_BODY = YES;
				CLANG_WARN_ENUM_CONVERSION = YES;
				CLANG_WARN_INFINITE_RECURSION = YES;
				CLANG_WARN_INT_CONVERSION = YES;
				CLANG_WARN_NON_LITERAL_NULL_CONVERSION = YES;
				CLANG_WARN_OBJC_IMPLICIT_RETAIN_SELF = YES;
				CLANG_WARN_OBJC_LITERAL_CONVERSION = YES;
				CLANG_WARN_OBJC_ROOT_CLASS = YES_ERROR;
				CLANG_WARN_QUOTED_INCLUDE_IN_FRAMEWORK_HEADER = YES;
				CLANG_WARN_RANGE_LOOP_ANALYSIS = YES;
				CLANG_WARN_STRICT_PROTOTYPES = YES;
				CLANG_WARN_SUSPICIOUS_MOVE = YES;
				CLANG_WARN_UNGUARDED_AVAILABILITY = YES_AGGRESSIVE;
				CLANG_WARN_UNREACHABLE_CODE = YES;
				CLANG_WARN__DUPLICATE_METHOD_MATCH = YES;
				COPY_PHASE_STRIP = NO;
				DEBUG_INFORMATION_FORMAT = "dwarf-with-dsym";
				ENABLE_NS_ASSERTIONS = NO;
				ENABLE_STRICT_OBJC_MSGSEND = YES;
				GCC_C_LANGUAGE_STANDARD = gnu11;
				GCC_NO_COMMON_BLOCKS = YES;
				GCC_WARN_64_TO_32_BIT_CONVERSION = YES;
				GCC_WARN_ABOUT_RETURN_TYPE = YES_ERROR;
				GCC_WARN_UNDECLARED_SELECTOR = YES;
				GCC_WARN_UNINITIALIZED_AUTOS = YES_AGGRESSIVE;
				GCC_WARN_UNUSED_FUNCTION = YES;
				GCC_WARN_UNUSED_VARIABLE = YES;
				IPHONEOS_DEPLOYMENT_TARGET = 16.1;
				MTL_ENABLE_DEBUG_INFO = NO;
				MTL_FAST_MATH = YES;
				SDKROOT = iphoneos;
				SWIFT_COMPILATION_MODE = wholemodule;
				SWIFT_OPTIMIZATION_LEVEL = "-O";
				VALIDATE_PRODUCT = YES;
			};
			name = Release;
		};
		11467C9729997EC200995426 /* Debug */ = {
			isa = XCBuildConfiguration;
			buildSettings = {
				ASSETCATALOG_COMPILER_APPICON_NAME = AppIcon;
				ASSETCATALOG_COMPILER_GLOBAL_ACCENT_COLOR_NAME = AccentColor;
				CODE_SIGN_STYLE = Automatic;
				CURRENT_PROJECT_VERSION = 1;
				DEVELOPMENT_TEAM = 47GST27FJ9;
				GENERATE_INFOPLIST_FILE = YES;
				INFOPLIST_FILE = testTaskForSurf/Info.plist;
				INFOPLIST_KEY_UIApplicationSupportsIndirectInputEvents = YES;
				INFOPLIST_KEY_UILaunchStoryboardName = LaunchScreen;
				INFOPLIST_KEY_UIMainStoryboardFile = Main;
				INFOPLIST_KEY_UISupportedInterfaceOrientations = UIInterfaceOrientationPortrait;
				INFOPLIST_KEY_UISupportedInterfaceOrientations_iPad = "UIInterfaceOrientationLandscapeLeft UIInterfaceOrientationLandscapeRight UIInterfaceOrientationPortrait UIInterfaceOrientationPortraitUpsideDown";
				LD_RUNPATH_SEARCH_PATHS = (
					"$(inherited)",
					"@executable_path/Frameworks",
				);
				MARKETING_VERSION = 1.0;
				PRODUCT_BUNDLE_IDENTIFIER = "com.-alexanderMaraenko.testTaskForSurf";
				PRODUCT_NAME = "$(TARGET_NAME)";
				SUPPORTED_PLATFORMS = "iphoneos iphonesimulator";
				SUPPORTS_MACCATALYST = NO;
				SUPPORTS_MAC_DESIGNED_FOR_IPHONE_IPAD = NO;
				SWIFT_EMIT_LOC_STRINGS = YES;
				SWIFT_VERSION = 5.0;
				TARGETED_DEVICE_FAMILY = 1;
			};
			name = Debug;
		};
		11467C9829997EC200995426 /* Release */ = {
			isa = XCBuildConfiguration;
			buildSettings = {
				ASSETCATALOG_COMPILER_APPICON_NAME = AppIcon;
				ASSETCATALOG_COMPILER_GLOBAL_ACCENT_COLOR_NAME = AccentColor;
				CODE_SIGN_STYLE = Automatic;
				CURRENT_PROJECT_VERSION = 1;
				DEVELOPMENT_TEAM = 47GST27FJ9;
				GENERATE_INFOPLIST_FILE = YES;
				INFOPLIST_FILE = testTaskForSurf/Info.plist;
				INFOPLIST_KEY_UIApplicationSupportsIndirectInputEvents = YES;
				INFOPLIST_KEY_UILaunchStoryboardName = LaunchScreen;
				INFOPLIST_KEY_UIMainStoryboardFile = Main;
				INFOPLIST_KEY_UISupportedInterfaceOrientations = UIInterfaceOrientationPortrait;
				INFOPLIST_KEY_UISupportedInterfaceOrientations_iPad = "UIInterfaceOrientationLandscapeLeft UIInterfaceOrientationLandscapeRight UIInterfaceOrientationPortrait UIInterfaceOrientationPortraitUpsideDown";
				LD_RUNPATH_SEARCH_PATHS = (
					"$(inherited)",
					"@executable_path/Frameworks",
				);
				MARKETING_VERSION = 1.0;
				PRODUCT_BUNDLE_IDENTIFIER = "com.-alexanderMaraenko.testTaskForSurf";
				PRODUCT_NAME = "$(TARGET_NAME)";
				SUPPORTED_PLATFORMS = "iphoneos iphonesimulator";
				SUPPORTS_MACCATALYST = NO;
				SUPPORTS_MAC_DESIGNED_FOR_IPHONE_IPAD = NO;
				SWIFT_EMIT_LOC_STRINGS = YES;
				SWIFT_VERSION = 5.0;
				TARGETED_DEVICE_FAMILY = 1;
			};
			name = Release;
		};
/* End XCBuildConfiguration section */

/* Begin XCConfigurationList section */
		11467C7D29997EBF00995426 /* Build configuration list for PBXProject "testTaskForSurf" */ = {
			isa = XCConfigurationList;
			buildConfigurations = (
				11467C9429997EC200995426 /* Debug */,
				11467C9529997EC200995426 /* Release */,
			);
			defaultConfigurationIsVisible = 0;
			defaultConfigurationName = Release;
		};
		11467C9629997EC200995426 /* Build configuration list for PBXNativeTarget "testTaskForSurf" */ = {
			isa = XCConfigurationList;
			buildConfigurations = (
				11467C9729997EC200995426 /* Debug */,
				11467C9829997EC200995426 /* Release */,
			);
			defaultConfigurationIsVisible = 0;
			defaultConfigurationName = Release;
		};
/* End XCConfigurationList section */
	};
	rootObject = 11467C7A29997EBF00995426 /* Project object */;
}
